{
  "object": {
    "pins": [
      {
        "package": "Haptica",
        "repositoryURL": "https://github.com/efremidze/Haptica",
        "state": {
          "branch": null,
          "revision": "4084702c85102c2d17d58e42ec5a750094944864",
          "version": "3.0.2"
        }
      },
      {
        "package": "Shift",
        "repositoryURL": "https://github.com/vinhnx/Shift",
        "state": {
          "branch": null,
          "revision": "304b4d3eec7deaf7c87e1d62641864c9ef2f7729",
          "version": "0.1.0"
        }
      },
      {
        "package": "swift-log",
        "repositoryURL": "https://github.com/apple/swift-log",
        "state": {
          "branch": null,
          "revision": "173f567a2dfec11d74588eea82cecea555bdc0bc",
          "version": "1.4.0"
        }
      },
      {
        "package": "SwiftDate",
        "repositoryURL": "https://github.com/malcommac/SwiftDate",
        "state": {
          "branch": null,
          "revision": "a25913b19833860b61fac161a706e44834f03c47",
          "version": "6.2.0"
        }
      },
      {
        "package": "SwiftyFORM",
        "repositoryURL": "https://github.com/neoneye/SwiftyFORM",
        "state": {
          "branch": null,
          "revision": "6a434616545e1f8c17675b3afabb86ad0e5f97aa",
          "version": "1.8.4"
        }
      },
      {
        "package": "Then",
        "repositoryURL": "https://github.com/devxoul/Then",
        "state": {
          "branch": null,
          "revision": "e421a7b3440a271834337694e6050133a3958bc7",
          "version": "2.7.0"
        }
      }
    ]
  },
  "version": 1
}
