// !$*UTF8*$!
{
	archiveVersion = 1;
	classes = {
	};
	objectVersion = 50;
	objects = {

/* Begin PBXBuildFile section */
		68890989EC17BFBF22CEFE27 /* Pods_ClendarTests.framework in Frameworks */ = {isa = PBXBuildFile; fileRef = 4D7350FCF6A4BA80FB26A6DB /* Pods_ClendarTests.framework */; };
		A33F80CA22467A82009CC46A /* AppDelegate.swift in Sources */ = {isa = PBXBuildFile; fileRef = A33F80C922467A82009CC46A /* AppDelegate.swift */; };
		A33F80D122467A85009CC46A /* Assets.xcassets in Resources */ = {isa = PBXBuildFile; fileRef = A33F80D022467A85009CC46A /* Assets.xcassets */; };
		A33F80D422467A85009CC46A /* LaunchScreen.storyboard in Resources */ = {isa = PBXBuildFile; fileRef = A33F80D222467A85009CC46A /* LaunchScreen.storyboard */; };
		A33F80DF22467A85009CC46A /* ClendarTests.swift in Sources */ = {isa = PBXBuildFile; fileRef = A33F80DE22467A85009CC46A /* ClendarTests.swift */; };
		A33F80EA22467A85009CC46A /* ClendarUITests.swift in Sources */ = {isa = PBXBuildFile; fileRef = A33F80E922467A85009CC46A /* ClendarUITests.swift */; };
		A33F80FD22468A56009CC46A /* CalendarViewController.swift in Sources */ = {isa = PBXBuildFile; fileRef = A33F80FC22468A56009CC46A /* CalendarViewController.swift */; };
		A33F80FF22468A5D009CC46A /* CalendarViewController.storyboard in Resources */ = {isa = PBXBuildFile; fileRef = A33F80FE22468A5D009CC46A /* CalendarViewController.storyboard */; };
		A33F810222468B69009CC46A /* BaseViewController.swift in Sources */ = {isa = PBXBuildFile; fileRef = A33F810122468B69009CC46A /* BaseViewController.swift */; };
		A33F810722468FC1009CC46A /* ReusableView.swift in Sources */ = {isa = PBXBuildFile; fileRef = A33F810622468FC1009CC46A /* ReusableView.swift */; };
		A33F810C2247393B009CC46A /* CalendarViewModel.swift in Sources */ = {isa = PBXBuildFile; fileRef = A33F810B2247393B009CC46A /* CalendarViewModel.swift */; };
		A33F811022474137009CC46A /* AppWideConstants.swift in Sources */ = {isa = PBXBuildFile; fileRef = A33F810F22474137009CC46A /* AppWideConstants.swift */; };
		A33F81132247423A009CC46A /* InputParser.swift in Sources */ = {isa = PBXBuildFile; fileRef = A33F81122247423A009CC46A /* InputParser.swift */; };
		A33F8115224742F7009CC46A /* WorkItem.swift in Sources */ = {isa = PBXBuildFile; fileRef = A33F8114224742F7009CC46A /* WorkItem.swift */; };
		A33F81182247454E009CC46A /* String+Extensions.swift in Sources */ = {isa = PBXBuildFile; fileRef = A33F81172247454E009CC46A /* String+Extensions.swift */; };
		A33F811A22474BE8009CC46A /* Collection+Extensions.swift in Sources */ = {isa = PBXBuildFile; fileRef = A33F811922474BE8009CC46A /* Collection+Extensions.swift */; };
		A33F811C22476186009CC46A /* AppearanceConfigurations.swift in Sources */ = {isa = PBXBuildFile; fileRef = A33F811B22476186009CC46A /* AppearanceConfigurations.swift */; };
		A33F811E22476767009CC46A /* Array+Extensions.swift in Sources */ = {isa = PBXBuildFile; fileRef = A33F811D22476767009CC46A /* Array+Extensions.swift */; };
		A33F81202247677F009CC46A /* Array+SwiftyChrono.swift in Sources */ = {isa = PBXBuildFile; fileRef = A33F811F2247677F009CC46A /* Array+SwiftyChrono.swift */; };
		A3DE24882248E1C600EB3B64 /* Dictionary+Extensions.swift in Sources */ = {isa = PBXBuildFile; fileRef = A3DE24872248E1C600EB3B64 /* Dictionary+Extensions.swift */; };
		A3DE248A2248E8A400EB3B64 /* EventStore+Extensions.swift in Sources */ = {isa = PBXBuildFile; fileRef = A3DE24892248E8A400EB3B64 /* EventStore+Extensions.swift */; };
		A3F2597622477012009A50B6 /* TextField.swift in Sources */ = {isa = PBXBuildFile; fileRef = A3F2597522477012009A50B6 /* TextField.swift */; };
		A3F25978224771F2009A50B6 /* AlertManager.swift in Sources */ = {isa = PBXBuildFile; fileRef = A3F25977224771F2009A50B6 /* AlertManager.swift */; };
		A3F2597A2247742C009A50B6 /* UIViewController+Extensions.swift in Sources */ = {isa = PBXBuildFile; fileRef = A3F259792247742C009A50B6 /* UIViewController+Extensions.swift */; };
		A3F2597D2247762F009A50B6 /* R.generated.swift in Sources */ = {isa = PBXBuildFile; fileRef = A3F2597C2247762F009A50B6 /* R.generated.swift */; };
		A3F259822247B903009A50B6 /* EventHandler.swift in Sources */ = {isa = PBXBuildFile; fileRef = A3F259812247B903009A50B6 /* EventHandler.swift */; };
		A3F259842247C770009A50B6 /* RoundedButton.swift in Sources */ = {isa = PBXBuildFile; fileRef = A3F259832247C770009A50B6 /* RoundedButton.swift */; };
		B9671769148E9FD96CC2986E /* Pods_Clendar.framework in Frameworks */ = {isa = PBXBuildFile; fileRef = 500FE0DC692E1F104BC789A4 /* Pods_Clendar.framework */; };
		CD80B37F2BB1661861B5C432 /* Pods_ClendarUITests.framework in Frameworks */ = {isa = PBXBuildFile; fileRef = B92D53D898F02DD2C05608BF /* Pods_ClendarUITests.framework */; };
/* End PBXBuildFile section */

/* Begin PBXContainerItemProxy section */
		A33F80DB22467A85009CC46A /* PBXContainerItemProxy */ = {
			isa = PBXContainerItemProxy;
			containerPortal = A33F80BE22467A82009CC46A /* Project object */;
			proxyType = 1;
			remoteGlobalIDString = A33F80C522467A82009CC46A;
			remoteInfo = Clendar;
		};
		A33F80E622467A85009CC46A /* PBXContainerItemProxy */ = {
			isa = PBXContainerItemProxy;
			containerPortal = A33F80BE22467A82009CC46A /* Project object */;
			proxyType = 1;
			remoteGlobalIDString = A33F80C522467A82009CC46A;
			remoteInfo = Clendar;
		};
/* End PBXContainerItemProxy section */

/* Begin PBXFileReference section */
		4D7350FCF6A4BA80FB26A6DB /* Pods_ClendarTests.framework */ = {isa = PBXFileReference; explicitFileType = wrapper.framework; includeInIndex = 0; path = Pods_ClendarTests.framework; sourceTree = BUILT_PRODUCTS_DIR; };
		500FE0DC692E1F104BC789A4 /* Pods_Clendar.framework */ = {isa = PBXFileReference; explicitFileType = wrapper.framework; includeInIndex = 0; path = Pods_Clendar.framework; sourceTree = BUILT_PRODUCTS_DIR; };
		6239D11B3B53DFE055C329D8 /* Pods-ClendarTests.debug.xcconfig */ = {isa = PBXFileReference; includeInIndex = 1; lastKnownFileType = text.xcconfig; name = "Pods-ClendarTests.debug.xcconfig"; path = "Pods/Target Support Files/Pods-ClendarTests/Pods-ClendarTests.debug.xcconfig"; sourceTree = "<group>"; };
		72FE9C6272675E223125D548 /* Pods-ClendarTests.release.xcconfig */ = {isa = PBXFileReference; includeInIndex = 1; lastKnownFileType = text.xcconfig; name = "Pods-ClendarTests.release.xcconfig"; path = "Pods/Target Support Files/Pods-ClendarTests/Pods-ClendarTests.release.xcconfig"; sourceTree = "<group>"; };
		970655FFB8E41AA87A9D5BBE /* Pods-Clendar.release.xcconfig */ = {isa = PBXFileReference; includeInIndex = 1; lastKnownFileType = text.xcconfig; name = "Pods-Clendar.release.xcconfig"; path = "Pods/Target Support Files/Pods-Clendar/Pods-Clendar.release.xcconfig"; sourceTree = "<group>"; };
		A33F80C622467A82009CC46A /* Clendar.app */ = {isa = PBXFileReference; explicitFileType = wrapper.application; includeInIndex = 0; path = Clendar.app; sourceTree = BUILT_PRODUCTS_DIR; };
		A33F80C922467A82009CC46A /* AppDelegate.swift */ = {isa = PBXFileReference; lastKnownFileType = sourcecode.swift; path = AppDelegate.swift; sourceTree = "<group>"; };
		A33F80D022467A85009CC46A /* Assets.xcassets */ = {isa = PBXFileReference; lastKnownFileType = folder.assetcatalog; path = Assets.xcassets; sourceTree = "<group>"; };
		A33F80D322467A85009CC46A /* Base */ = {isa = PBXFileReference; lastKnownFileType = file.storyboard; name = Base; path = Base.lproj/LaunchScreen.storyboard; sourceTree = "<group>"; };
		A33F80D522467A85009CC46A /* Info.plist */ = {isa = PBXFileReference; lastKnownFileType = text.plist.xml; path = Info.plist; sourceTree = "<group>"; };
		A33F80DA22467A85009CC46A /* ClendarTests.xctest */ = {isa = PBXFileReference; explicitFileType = wrapper.cfbundle; includeInIndex = 0; path = ClendarTests.xctest; sourceTree = BUILT_PRODUCTS_DIR; };
		A33F80DE22467A85009CC46A /* ClendarTests.swift */ = {isa = PBXFileReference; lastKnownFileType = sourcecode.swift; path = ClendarTests.swift; sourceTree = "<group>"; };
		A33F80E022467A85009CC46A /* Info.plist */ = {isa = PBXFileReference; lastKnownFileType = text.plist.xml; path = Info.plist; sourceTree = "<group>"; };
		A33F80E522467A85009CC46A /* ClendarUITests.xctest */ = {isa = PBXFileReference; explicitFileType = wrapper.cfbundle; includeInIndex = 0; path = ClendarUITests.xctest; sourceTree = BUILT_PRODUCTS_DIR; };
		A33F80E922467A85009CC46A /* ClendarUITests.swift */ = {isa = PBXFileReference; lastKnownFileType = sourcecode.swift; path = ClendarUITests.swift; sourceTree = "<group>"; };
		A33F80EB22467A85009CC46A /* Info.plist */ = {isa = PBXFileReference; lastKnownFileType = text.plist.xml; path = Info.plist; sourceTree = "<group>"; };
		A33F80FC22468A56009CC46A /* CalendarViewController.swift */ = {isa = PBXFileReference; lastKnownFileType = sourcecode.swift; path = CalendarViewController.swift; sourceTree = "<group>"; };
		A33F80FE22468A5D009CC46A /* CalendarViewController.storyboard */ = {isa = PBXFileReference; lastKnownFileType = file.storyboard; path = CalendarViewController.storyboard; sourceTree = "<group>"; };
		A33F810122468B69009CC46A /* BaseViewController.swift */ = {isa = PBXFileReference; lastKnownFileType = sourcecode.swift; path = BaseViewController.swift; sourceTree = "<group>"; };
		A33F810622468FC1009CC46A /* ReusableView.swift */ = {isa = PBXFileReference; lastKnownFileType = sourcecode.swift; path = ReusableView.swift; sourceTree = "<group>"; };
		A33F810B2247393B009CC46A /* CalendarViewModel.swift */ = {isa = PBXFileReference; lastKnownFileType = sourcecode.swift; path = CalendarViewModel.swift; sourceTree = "<group>"; };
		A33F810F22474137009CC46A /* AppWideConstants.swift */ = {isa = PBXFileReference; lastKnownFileType = sourcecode.swift; path = AppWideConstants.swift; sourceTree = "<group>"; };
		A33F81122247423A009CC46A /* InputParser.swift */ = {isa = PBXFileReference; lastKnownFileType = sourcecode.swift; path = InputParser.swift; sourceTree = "<group>"; };
		A33F8114224742F7009CC46A /* WorkItem.swift */ = {isa = PBXFileReference; lastKnownFileType = sourcecode.swift; path = WorkItem.swift; sourceTree = "<group>"; };
		A33F81172247454E009CC46A /* String+Extensions.swift */ = {isa = PBXFileReference; lastKnownFileType = sourcecode.swift; path = "String+Extensions.swift"; sourceTree = "<group>"; };
		A33F811922474BE8009CC46A /* Collection+Extensions.swift */ = {isa = PBXFileReference; lastKnownFileType = sourcecode.swift; path = "Collection+Extensions.swift"; sourceTree = "<group>"; };
		A33F811B22476186009CC46A /* AppearanceConfigurations.swift */ = {isa = PBXFileReference; lastKnownFileType = sourcecode.swift; path = AppearanceConfigurations.swift; sourceTree = "<group>"; };
		A33F811D22476767009CC46A /* Array+Extensions.swift */ = {isa = PBXFileReference; lastKnownFileType = sourcecode.swift; path = "Array+Extensions.swift"; sourceTree = "<group>"; };
		A33F811F2247677F009CC46A /* Array+SwiftyChrono.swift */ = {isa = PBXFileReference; lastKnownFileType = sourcecode.swift; path = "Array+SwiftyChrono.swift"; sourceTree = "<group>"; };
		A3DE24872248E1C600EB3B64 /* Dictionary+Extensions.swift */ = {isa = PBXFileReference; lastKnownFileType = sourcecode.swift; path = "Dictionary+Extensions.swift"; sourceTree = "<group>"; };
		A3DE24892248E8A400EB3B64 /* EventStore+Extensions.swift */ = {isa = PBXFileReference; lastKnownFileType = sourcecode.swift; path = "EventStore+Extensions.swift"; sourceTree = "<group>"; };
		A3F2597522477012009A50B6 /* TextField.swift */ = {isa = PBXFileReference; lastKnownFileType = sourcecode.swift; path = TextField.swift; sourceTree = "<group>"; };
		A3F25977224771F2009A50B6 /* AlertManager.swift */ = {isa = PBXFileReference; lastKnownFileType = sourcecode.swift; path = AlertManager.swift; sourceTree = "<group>"; };
		A3F259792247742C009A50B6 /* UIViewController+Extensions.swift */ = {isa = PBXFileReference; lastKnownFileType = sourcecode.swift; path = "UIViewController+Extensions.swift"; sourceTree = "<group>"; };
		A3F2597B22477555009A50B6 /* Bridging-Header.h */ = {isa = PBXFileReference; lastKnownFileType = sourcecode.c.h; path = "Bridging-Header.h"; sourceTree = "<group>"; };
		A3F2597C2247762F009A50B6 /* R.generated.swift */ = {isa = PBXFileReference; fileEncoding = 4; lastKnownFileType = sourcecode.swift; path = R.generated.swift; sourceTree = SOURCE_ROOT; };
		A3F259812247B903009A50B6 /* EventHandler.swift */ = {isa = PBXFileReference; lastKnownFileType = sourcecode.swift; path = EventHandler.swift; sourceTree = "<group>"; };
		A3F259832247C770009A50B6 /* RoundedButton.swift */ = {isa = PBXFileReference; lastKnownFileType = sourcecode.swift; path = RoundedButton.swift; sourceTree = "<group>"; };
		A47016262754392B32FB732C /* Pods-Clendar.debug.xcconfig */ = {isa = PBXFileReference; includeInIndex = 1; lastKnownFileType = text.xcconfig; name = "Pods-Clendar.debug.xcconfig"; path = "Pods/Target Support Files/Pods-Clendar/Pods-Clendar.debug.xcconfig"; sourceTree = "<group>"; };
		B92D53D898F02DD2C05608BF /* Pods_ClendarUITests.framework */ = {isa = PBXFileReference; explicitFileType = wrapper.framework; includeInIndex = 0; path = Pods_ClendarUITests.framework; sourceTree = BUILT_PRODUCTS_DIR; };
		DF7E6079522A39C0AA433E3F /* Pods-ClendarUITests.release.xcconfig */ = {isa = PBXFileReference; includeInIndex = 1; lastKnownFileType = text.xcconfig; name = "Pods-ClendarUITests.release.xcconfig"; path = "Pods/Target Support Files/Pods-ClendarUITests/Pods-ClendarUITests.release.xcconfig"; sourceTree = "<group>"; };
		FE566D1213BADCED1612B917 /* Pods-ClendarUITests.debug.xcconfig */ = {isa = PBXFileReference; includeInIndex = 1; lastKnownFileType = text.xcconfig; name = "Pods-ClendarUITests.debug.xcconfig"; path = "Pods/Target Support Files/Pods-ClendarUITests/Pods-ClendarUITests.debug.xcconfig"; sourceTree = "<group>"; };
/* End PBXFileReference section */

/* Begin PBXFrameworksBuildPhase section */
		A33F80C322467A82009CC46A /* Frameworks */ = {
			isa = PBXFrameworksBuildPhase;
			buildActionMask = 2147483647;
			files = (
				B9671769148E9FD96CC2986E /* Pods_Clendar.framework in Frameworks */,
			);
			runOnlyForDeploymentPostprocessing = 0;
		};
		A33F80D722467A85009CC46A /* Frameworks */ = {
			isa = PBXFrameworksBuildPhase;
			buildActionMask = 2147483647;
			files = (
				68890989EC17BFBF22CEFE27 /* Pods_ClendarTests.framework in Frameworks */,
			);
			runOnlyForDeploymentPostprocessing = 0;
		};
		A33F80E222467A85009CC46A /* Frameworks */ = {
			isa = PBXFrameworksBuildPhase;
			buildActionMask = 2147483647;
			files = (
				CD80B37F2BB1661861B5C432 /* Pods_ClendarUITests.framework in Frameworks */,
			);
			runOnlyForDeploymentPostprocessing = 0;
		};
/* End PBXFrameworksBuildPhase section */

/* Begin PBXGroup section */
		621629E75901BC78649E2A0A /* Frameworks */ = {
			isa = PBXGroup;
			children = (
				500FE0DC692E1F104BC789A4 /* Pods_Clendar.framework */,
				4D7350FCF6A4BA80FB26A6DB /* Pods_ClendarTests.framework */,
				B92D53D898F02DD2C05608BF /* Pods_ClendarUITests.framework */,
			);
			name = Frameworks;
			sourceTree = "<group>";
		};
		8C81B73E8AA33D23B6AB3B1C /* Pods */ = {
			isa = PBXGroup;
			children = (
				A47016262754392B32FB732C /* Pods-Clendar.debug.xcconfig */,
				970655FFB8E41AA87A9D5BBE /* Pods-Clendar.release.xcconfig */,
				6239D11B3B53DFE055C329D8 /* Pods-ClendarTests.debug.xcconfig */,
				72FE9C6272675E223125D548 /* Pods-ClendarTests.release.xcconfig */,
				FE566D1213BADCED1612B917 /* Pods-ClendarUITests.debug.xcconfig */,
				DF7E6079522A39C0AA433E3F /* Pods-ClendarUITests.release.xcconfig */,
			);
			name = Pods;
			sourceTree = "<group>";
		};
		A33F80BD22467A82009CC46A = {
			isa = PBXGroup;
			children = (
				A33F80C822467A82009CC46A /* Clendar */,
				A33F80DD22467A85009CC46A /* ClendarTests */,
				A33F80E822467A85009CC46A /* ClendarUITests */,
				A33F80C722467A82009CC46A /* Products */,
				8C81B73E8AA33D23B6AB3B1C /* Pods */,
				621629E75901BC78649E2A0A /* Frameworks */,
			);
			sourceTree = "<group>";
		};
		A33F80C722467A82009CC46A /* Products */ = {
			isa = PBXGroup;
			children = (
				A33F80C622467A82009CC46A /* Clendar.app */,
				A33F80DA22467A85009CC46A /* ClendarTests.xctest */,
				A33F80E522467A85009CC46A /* ClendarUITests.xctest */,
			);
			name = Products;
			sourceTree = "<group>";
		};
		A33F80C822467A82009CC46A /* Clendar */ = {
			isa = PBXGroup;
			children = (
				A33F810522468FB4009CC46A /* Helper */,
				A33F80F822467DD6009CC46A /* App */,
				A33F810022468B59009CC46A /* Base */,
				A33F80F922467DDB009CC46A /* Modules */,
				A33F80F722467DC1009CC46A /* Resources */,
			);
			path = Clendar;
			sourceTree = "<group>";
		};
		A33F80DD22467A85009CC46A /* ClendarTests */ = {
			isa = PBXGroup;
			children = (
				A33F80DE22467A85009CC46A /* ClendarTests.swift */,
				A33F80E022467A85009CC46A /* Info.plist */,
			);
			path = ClendarTests;
			sourceTree = "<group>";
		};
		A33F80E822467A85009CC46A /* ClendarUITests */ = {
			isa = PBXGroup;
			children = (
				A33F80E922467A85009CC46A /* ClendarUITests.swift */,
				A33F80EB22467A85009CC46A /* Info.plist */,
			);
			path = ClendarUITests;
			sourceTree = "<group>";
		};
		A33F80F722467DC1009CC46A /* Resources */ = {
			isa = PBXGroup;
			children = (
				A33F80D022467A85009CC46A /* Assets.xcassets */,
				A33F80D222467A85009CC46A /* LaunchScreen.storyboard */,
				A33F80D522467A85009CC46A /* Info.plist */,
				A3F2597B22477555009A50B6 /* Bridging-Header.h */,
			);
			path = Resources;
			sourceTree = "<group>";
		};
		A33F80F822467DD6009CC46A /* App */ = {
			isa = PBXGroup;
			children = (
				A33F80C922467A82009CC46A /* AppDelegate.swift */,
			);
			path = App;
			sourceTree = "<group>";
		};
		A33F80F922467DDB009CC46A /* Modules */ = {
			isa = PBXGroup;
			children = (
				A3F259802247B8EC009A50B6 /* Event */,
				A33F81112247422A009CC46A /* Input Parser */,
				A33F80FB22468A44009CC46A /* Calendar */,
			);
			path = Modules;
			sourceTree = "<group>";
		};
		A33F80FB22468A44009CC46A /* Calendar */ = {
			isa = PBXGroup;
			children = (
				A33F810B2247393B009CC46A /* CalendarViewModel.swift */,
				A33F80FC22468A56009CC46A /* CalendarViewController.swift */,
				A33F80FE22468A5D009CC46A /* CalendarViewController.storyboard */,
				A33F811B22476186009CC46A /* AppearanceConfigurations.swift */,
			);
			path = Calendar;
			sourceTree = "<group>";
		};
		A33F810022468B59009CC46A /* Base */ = {
			isa = PBXGroup;
			children = (
				A33F810122468B69009CC46A /* BaseViewController.swift */,
			);
			path = Base;
			sourceTree = "<group>";
		};
		A33F810522468FB4009CC46A /* Helper */ = {
			isa = PBXGroup;
			children = (
				A3F2597422477005009A50B6 /* Custom View */,
				A3F2597022476FD9009A50B6 /* Protocol */,
				A33F811622474543009CC46A /* Category */,
				A3F2597122476FEA009A50B6 /* Others */,
			);
			path = Helper;
			sourceTree = "<group>";
		};
		A33F81112247422A009CC46A /* Input Parser */ = {
			isa = PBXGroup;
			children = (
				A33F81122247423A009CC46A /* InputParser.swift */,
			);
			path = "Input Parser";
			sourceTree = "<group>";
		};
		A33F811622474543009CC46A /* Category */ = {
			isa = PBXGroup;
			children = (
				A33F81172247454E009CC46A /* String+Extensions.swift */,
				A3DE24872248E1C600EB3B64 /* Dictionary+Extensions.swift */,
				A3DE24892248E8A400EB3B64 /* EventStore+Extensions.swift */,
				A33F811922474BE8009CC46A /* Collection+Extensions.swift */,
				A33F811D22476767009CC46A /* Array+Extensions.swift */,
				A33F811F2247677F009CC46A /* Array+SwiftyChrono.swift */,
				A3F259792247742C009A50B6 /* UIViewController+Extensions.swift */,
			);
			path = Category;
			sourceTree = "<group>";
		};
		A3F2597022476FD9009A50B6 /* Protocol */ = {
			isa = PBXGroup;
			children = (
				A33F810622468FC1009CC46A /* ReusableView.swift */,
			);
			path = Protocol;
			sourceTree = "<group>";
		};
		A3F2597122476FEA009A50B6 /* Others */ = {
			isa = PBXGroup;
			children = (
				A3F2597C2247762F009A50B6 /* R.generated.swift */,
				A33F810F22474137009CC46A /* AppWideConstants.swift */,
				A33F8114224742F7009CC46A /* WorkItem.swift */,
				A3F25977224771F2009A50B6 /* AlertManager.swift */,
			);
			path = Others;
			sourceTree = "<group>";
		};
		A3F2597422477005009A50B6 /* Custom View */ = {
			isa = PBXGroup;
			children = (
				A3F2597522477012009A50B6 /* TextField.swift */,
				A3F259832247C770009A50B6 /* RoundedButton.swift */,
			);
			path = "Custom View";
			sourceTree = "<group>";
		};
		A3F259802247B8EC009A50B6 /* Event */ = {
			isa = PBXGroup;
			children = (
				A3F259812247B903009A50B6 /* EventHandler.swift */,
			);
			path = Event;
			sourceTree = "<group>";
		};
/* End PBXGroup section */

/* Begin PBXNativeTarget section */
		A33F80C522467A82009CC46A /* Clendar */ = {
			isa = PBXNativeTarget;
			buildConfigurationList = A33F80EE22467A85009CC46A /* Build configuration list for PBXNativeTarget "Clendar" */;
			buildPhases = (
				7A650D37A9947B21CBD08B5C /* [CP] Check Pods Manifest.lock */,
				A33F8108224690A6009CC46A /* R.swift */,
				A33F80C222467A82009CC46A /* Sources */,
				A33F80C322467A82009CC46A /* Frameworks */,
				A33F80C422467A82009CC46A /* Resources */,
				5B872D6F5371C5616117097F /* [CP] Embed Pods Frameworks */,
				A33F80FA22467EEF009CC46A /* SwiftLint */,
			);
			buildRules = (
			);
			dependencies = (
			);
			name = Clendar;
			productName = Clendar;
			productReference = A33F80C622467A82009CC46A /* Clendar.app */;
			productType = "com.apple.product-type.application";
		};
		A33F80D922467A85009CC46A /* ClendarTests */ = {
			isa = PBXNativeTarget;
			buildConfigurationList = A33F80F122467A85009CC46A /* Build configuration list for PBXNativeTarget "ClendarTests" */;
			buildPhases = (
				1C132D2F6E097BE45FB6AAFD /* [CP] Check Pods Manifest.lock */,
				A33F80D622467A85009CC46A /* Sources */,
				A33F80D722467A85009CC46A /* Frameworks */,
				A33F80D822467A85009CC46A /* Resources */,
			);
			buildRules = (
			);
			dependencies = (
				A33F80DC22467A85009CC46A /* PBXTargetDependency */,
			);
			name = ClendarTests;
			productName = ClendarTests;
			productReference = A33F80DA22467A85009CC46A /* ClendarTests.xctest */;
			productType = "com.apple.product-type.bundle.unit-test";
		};
		A33F80E422467A85009CC46A /* ClendarUITests */ = {
			isa = PBXNativeTarget;
			buildConfigurationList = A33F80F422467A85009CC46A /* Build configuration list for PBXNativeTarget "ClendarUITests" */;
			buildPhases = (
				8492DC60976B5349E966670B /* [CP] Check Pods Manifest.lock */,
				A33F80E122467A85009CC46A /* Sources */,
				A33F80E222467A85009CC46A /* Frameworks */,
				A33F80E322467A85009CC46A /* Resources */,
			);
			buildRules = (
			);
			dependencies = (
				A33F80E722467A85009CC46A /* PBXTargetDependency */,
			);
			name = ClendarUITests;
			productName = ClendarUITests;
			productReference = A33F80E522467A85009CC46A /* ClendarUITests.xctest */;
			productType = "com.apple.product-type.bundle.ui-testing";
		};
/* End PBXNativeTarget section */

/* Begin PBXProject section */
		A33F80BE22467A82009CC46A /* Project object */ = {
			isa = PBXProject;
			attributes = {
				LastSwiftUpdateCheck = 1010;
				LastUpgradeCheck = 1010;
				ORGANIZATIONNAME = "Vinh Nguyen";
				TargetAttributes = {
					A33F80C522467A82009CC46A = {
						CreatedOnToolsVersion = 10.1;
					};
					A33F80D922467A85009CC46A = {
						CreatedOnToolsVersion = 10.1;
						TestTargetID = A33F80C522467A82009CC46A;
					};
					A33F80E422467A85009CC46A = {
						CreatedOnToolsVersion = 10.1;
						TestTargetID = A33F80C522467A82009CC46A;
					};
				};
			};
			buildConfigurationList = A33F80C122467A82009CC46A /* Build configuration list for PBXProject "Clendar" */;
			compatibilityVersion = "Xcode 9.3";
			developmentRegion = en;
			hasScannedForEncodings = 0;
			knownRegions = (
				en,
				Base,
			);
			mainGroup = A33F80BD22467A82009CC46A;
			productRefGroup = A33F80C722467A82009CC46A /* Products */;
			projectDirPath = "";
			projectRoot = "";
			targets = (
				A33F80C522467A82009CC46A /* Clendar */,
				A33F80D922467A85009CC46A /* ClendarTests */,
				A33F80E422467A85009CC46A /* ClendarUITests */,
			);
		};
/* End PBXProject section */

/* Begin PBXResourcesBuildPhase section */
		A33F80C422467A82009CC46A /* Resources */ = {
			isa = PBXResourcesBuildPhase;
			buildActionMask = 2147483647;
			files = (
				A33F80D422467A85009CC46A /* LaunchScreen.storyboard in Resources */,
				A33F80D122467A85009CC46A /* Assets.xcassets in Resources */,
				A33F80FF22468A5D009CC46A /* CalendarViewController.storyboard in Resources */,
			);
			runOnlyForDeploymentPostprocessing = 0;
		};
		A33F80D822467A85009CC46A /* Resources */ = {
			isa = PBXResourcesBuildPhase;
			buildActionMask = 2147483647;
			files = (
			);
			runOnlyForDeploymentPostprocessing = 0;
		};
		A33F80E322467A85009CC46A /* Resources */ = {
			isa = PBXResourcesBuildPhase;
			buildActionMask = 2147483647;
			files = (
			);
			runOnlyForDeploymentPostprocessing = 0;
		};
/* End PBXResourcesBuildPhase section */

/* Begin PBXShellScriptBuildPhase section */
		1C132D2F6E097BE45FB6AAFD /* [CP] Check Pods Manifest.lock */ = {
			isa = PBXShellScriptBuildPhase;
			buildActionMask = 2147483647;
			files = (
			);
			inputFileListPaths = (
			);
			inputPaths = (
				"${PODS_PODFILE_DIR_PATH}/Podfile.lock",
				"${PODS_ROOT}/Manifest.lock",
			);
			name = "[CP] Check Pods Manifest.lock";
			outputFileListPaths = (
			);
			outputPaths = (
				"$(DERIVED_FILE_DIR)/Pods-ClendarTests-checkManifestLockResult.txt",
			);
			runOnlyForDeploymentPostprocessing = 0;
			shellPath = /bin/sh;
			shellScript = "diff \"${PODS_PODFILE_DIR_PATH}/Podfile.lock\" \"${PODS_ROOT}/Manifest.lock\" > /dev/null\nif [ $? != 0 ] ; then\n    # print error to STDERR\n    echo \"error: The sandbox is not in sync with the Podfile.lock. Run 'pod install' or update your CocoaPods installation.\" >&2\n    exit 1\nfi\n# This output is used by Xcode 'outputs' to avoid re-running this script phase.\necho \"SUCCESS\" > \"${SCRIPT_OUTPUT_FILE_0}\"\n";
			showEnvVarsInLog = 0;
		};
		5B872D6F5371C5616117097F /* [CP] Embed Pods Frameworks */ = {
			isa = PBXShellScriptBuildPhase;
			buildActionMask = 2147483647;
			files = (
			);
			inputFileListPaths = (
			);
			inputPaths = (
				"${SRCROOT}/Pods/Target Support Files/Pods-Clendar/Pods-Clendar-frameworks.sh",
				"${BUILT_PRODUCTS_DIR}/CVCalendar/CVCalendar.framework",
				"${BUILT_PRODUCTS_DIR}/MVVMKit/MVVMKit.framework",
				"${BUILT_PRODUCTS_DIR}/R.swift.Library/Rswift.framework",
				"${BUILT_PRODUCTS_DIR}/SwiftyChrono/SwiftyChrono.framework",
			);
			name = "[CP] Embed Pods Frameworks";
			outputFileListPaths = (
			);
			outputPaths = (
				"${TARGET_BUILD_DIR}/${FRAMEWORKS_FOLDER_PATH}/CVCalendar.framework",
				"${TARGET_BUILD_DIR}/${FRAMEWORKS_FOLDER_PATH}/MVVMKit.framework",
				"${TARGET_BUILD_DIR}/${FRAMEWORKS_FOLDER_PATH}/Rswift.framework",
				"${TARGET_BUILD_DIR}/${FRAMEWORKS_FOLDER_PATH}/SwiftyChrono.framework",
			);
			runOnlyForDeploymentPostprocessing = 0;
			shellPath = /bin/sh;
			shellScript = "\"${SRCROOT}/Pods/Target Support Files/Pods-Clendar/Pods-Clendar-frameworks.sh\"\n";
			showEnvVarsInLog = 0;
		};
		7A650D37A9947B21CBD08B5C /* [CP] Check Pods Manifest.lock */ = {
			isa = PBXShellScriptBuildPhase;
			buildActionMask = 2147483647;
			files = (
			);
			inputFileListPaths = (
			);
			inputPaths = (
				"${PODS_PODFILE_DIR_PATH}/Podfile.lock",
				"${PODS_ROOT}/Manifest.lock",
			);
			name = "[CP] Check Pods Manifest.lock";
			outputFileListPaths = (
			);
			outputPaths = (
				"$(DERIVED_FILE_DIR)/Pods-Clendar-checkManifestLockResult.txt",
			);
			runOnlyForDeploymentPostprocessing = 0;
			shellPath = /bin/sh;
			shellScript = "diff \"${PODS_PODFILE_DIR_PATH}/Podfile.lock\" \"${PODS_ROOT}/Manifest.lock\" > /dev/null\nif [ $? != 0 ] ; then\n    # print error to STDERR\n    echo \"error: The sandbox is not in sync with the Podfile.lock. Run 'pod install' or update your CocoaPods installation.\" >&2\n    exit 1\nfi\n# This output is used by Xcode 'outputs' to avoid re-running this script phase.\necho \"SUCCESS\" > \"${SCRIPT_OUTPUT_FILE_0}\"\n";
			showEnvVarsInLog = 0;
		};
		8492DC60976B5349E966670B /* [CP] Check Pods Manifest.lock */ = {
			isa = PBXShellScriptBuildPhase;
			buildActionMask = 2147483647;
			files = (
			);
			inputFileListPaths = (
			);
			inputPaths = (
				"${PODS_PODFILE_DIR_PATH}/Podfile.lock",
				"${PODS_ROOT}/Manifest.lock",
			);
			name = "[CP] Check Pods Manifest.lock";
			outputFileListPaths = (
			);
			outputPaths = (
				"$(DERIVED_FILE_DIR)/Pods-ClendarUITests-checkManifestLockResult.txt",
			);
			runOnlyForDeploymentPostprocessing = 0;
			shellPath = /bin/sh;
			shellScript = "diff \"${PODS_PODFILE_DIR_PATH}/Podfile.lock\" \"${PODS_ROOT}/Manifest.lock\" > /dev/null\nif [ $? != 0 ] ; then\n    # print error to STDERR\n    echo \"error: The sandbox is not in sync with the Podfile.lock. Run 'pod install' or update your CocoaPods installation.\" >&2\n    exit 1\nfi\n# This output is used by Xcode 'outputs' to avoid re-running this script phase.\necho \"SUCCESS\" > \"${SCRIPT_OUTPUT_FILE_0}\"\n";
			showEnvVarsInLog = 0;
		};
		A33F80FA22467EEF009CC46A /* SwiftLint */ = {
			isa = PBXShellScriptBuildPhase;
			buildActionMask = 2147483647;
			files = (
			);
			inputFileListPaths = (
			);
			inputPaths = (
			);
			name = SwiftLint;
			outputFileListPaths = (
			);
			outputPaths = (
			);
			runOnlyForDeploymentPostprocessing = 0;
			shellPath = /bin/sh;
			shellScript = "\"${PODS_ROOT}/SwiftLint/swiftlint\"\n";
		};
		A33F8108224690A6009CC46A /* R.swift */ = {
			isa = PBXShellScriptBuildPhase;
			buildActionMask = 2147483647;
			files = (
			);
			inputFileListPaths = (
			);
			inputPaths = (
				"$TEMP_DIR/rswift-lastrun",
			);
			name = R.swift;
			outputFileListPaths = (
			);
			outputPaths = (
				$SRCROOT/R.generated.swift,
			);
			runOnlyForDeploymentPostprocessing = 0;
			shellPath = /bin/sh;
			shellScript = "\"$PODS_ROOT/R.swift/rswift\" generate \"$SRCROOT/R.generated.swift\"\n";
		};
/* End PBXShellScriptBuildPhase section */

/* Begin PBXSourcesBuildPhase section */
		A33F80C222467A82009CC46A /* Sources */ = {
			isa = PBXSourcesBuildPhase;
			buildActionMask = 2147483647;
			files = (
				A3F25978224771F2009A50B6 /* AlertManager.swift in Sources */,
				A33F81182247454E009CC46A /* String+Extensions.swift in Sources */,
				A33F810C2247393B009CC46A /* CalendarViewModel.swift in Sources */,
				A3F259842247C770009A50B6 /* RoundedButton.swift in Sources */,
				A3F2597622477012009A50B6 /* TextField.swift in Sources */,
				A3F2597A2247742C009A50B6 /* UIViewController+Extensions.swift in Sources */,
				A33F81202247677F009CC46A /* Array+SwiftyChrono.swift in Sources */,
				A3DE248A2248E8A400EB3B64 /* EventStore+Extensions.swift in Sources */,
				A3DE24882248E1C600EB3B64 /* Dictionary+Extensions.swift in Sources */,
				A33F810722468FC1009CC46A /* ReusableView.swift in Sources */,
				A33F811C22476186009CC46A /* AppearanceConfigurations.swift in Sources */,
				A3F2597D2247762F009A50B6 /* R.generated.swift in Sources */,
				A33F811A22474BE8009CC46A /* Collection+Extensions.swift in Sources */,
				A33F811022474137009CC46A /* AppWideConstants.swift in Sources */,
				A33F80FD22468A56009CC46A /* CalendarViewController.swift in Sources */,
				A33F8115224742F7009CC46A /* WorkItem.swift in Sources */,
				A3F259822247B903009A50B6 /* EventHandler.swift in Sources */,
				A33F811E22476767009CC46A /* Array+Extensions.swift in Sources */,
				A33F80CA22467A82009CC46A /* AppDelegate.swift in Sources */,
				A33F81132247423A009CC46A /* InputParser.swift in Sources */,
				A33F810222468B69009CC46A /* BaseViewController.swift in Sources */,
			);
			runOnlyForDeploymentPostprocessing = 0;
		};
		A33F80D622467A85009CC46A /* Sources */ = {
			isa = PBXSourcesBuildPhase;
			buildActionMask = 2147483647;
			files = (
				A33F80DF22467A85009CC46A /* ClendarTests.swift in Sources */,
			);
			runOnlyForDeploymentPostprocessing = 0;
		};
		A33F80E122467A85009CC46A /* Sources */ = {
			isa = PBXSourcesBuildPhase;
			buildActionMask = 2147483647;
			files = (
				A33F80EA22467A85009CC46A /* ClendarUITests.swift in Sources */,
			);
			runOnlyForDeploymentPostprocessing = 0;
		};
/* End PBXSourcesBuildPhase section */

/* Begin PBXTargetDependency section */
		A33F80DC22467A85009CC46A /* PBXTargetDependency */ = {
			isa = PBXTargetDependency;
			target = A33F80C522467A82009CC46A /* Clendar */;
			targetProxy = A33F80DB22467A85009CC46A /* PBXContainerItemProxy */;
		};
		A33F80E722467A85009CC46A /* PBXTargetDependency */ = {
			isa = PBXTargetDependency;
			target = A33F80C522467A82009CC46A /* Clendar */;
			targetProxy = A33F80E622467A85009CC46A /* PBXContainerItemProxy */;
		};
/* End PBXTargetDependency section */

/* Begin PBXVariantGroup section */
		A33F80D222467A85009CC46A /* LaunchScreen.storyboard */ = {
			isa = PBXVariantGroup;
			children = (
				A33F80D322467A85009CC46A /* Base */,
			);
			name = LaunchScreen.storyboard;
			sourceTree = "<group>";
		};
/* End PBXVariantGroup section */

/* Begin XCBuildConfiguration section */
		A33F80EC22467A85009CC46A /* Debug */ = {
			isa = XCBuildConfiguration;
			buildSettings = {
				ALWAYS_SEARCH_USER_PATHS = NO;
				CLANG_ANALYZER_NONNULL = YES;
				CLANG_ANALYZER_NUMBER_OBJECT_CONVERSION = YES_AGGRESSIVE;
				CLANG_CXX_LANGUAGE_STANDARD = "gnu++14";
				CLANG_CXX_LIBRARY = "libc++";
				CLANG_ENABLE_MODULES = YES;
				CLANG_ENABLE_OBJC_ARC = YES;
				CLANG_ENABLE_OBJC_WEAK = YES;
				CLANG_WARN_BLOCK_CAPTURE_AUTORELEASING = YES;
				CLANG_WARN_BOOL_CONVERSION = YES;
				CLANG_WARN_COMMA = YES;
				CLANG_WARN_CONSTANT_CONVERSION = YES;
				CLANG_WARN_DEPRECATED_OBJC_IMPLEMENTATIONS = YES;
				CLANG_WARN_DIRECT_OBJC_ISA_USAGE = YES_ERROR;
				CLANG_WARN_DOCUMENTATION_COMMENTS = YES;
				CLANG_WARN_EMPTY_BODY = YES;
				CLANG_WARN_ENUM_CONVERSION = YES;
				CLANG_WARN_INFINITE_RECURSION = YES;
				CLANG_WARN_INT_CONVERSION = YES;
				CLANG_WARN_NON_LITERAL_NULL_CONVERSION = YES;
				CLANG_WARN_OBJC_IMPLICIT_RETAIN_SELF = YES;
				CLANG_WARN_OBJC_LITERAL_CONVERSION = YES;
				CLANG_WARN_OBJC_ROOT_CLASS = YES_ERROR;
				CLANG_WARN_RANGE_LOOP_ANALYSIS = YES;
				CLANG_WARN_STRICT_PROTOTYPES = YES;
				CLANG_WARN_SUSPICIOUS_MOVE = YES;
				CLANG_WARN_UNGUARDED_AVAILABILITY = YES_AGGRESSIVE;
				CLANG_WARN_UNREACHABLE_CODE = YES;
				CLANG_WARN__DUPLICATE_METHOD_MATCH = YES;
				CODE_SIGN_IDENTITY = "iPhone Developer";
				COPY_PHASE_STRIP = NO;
				DEBUG_INFORMATION_FORMAT = dwarf;
				ENABLE_STRICT_OBJC_MSGSEND = YES;
				ENABLE_TESTABILITY = YES;
				GCC_C_LANGUAGE_STANDARD = gnu11;
				GCC_DYNAMIC_NO_PIC = NO;
				GCC_NO_COMMON_BLOCKS = YES;
				GCC_OPTIMIZATION_LEVEL = 0;
				GCC_PREPROCESSOR_DEFINITIONS = (
					"DEBUG=1",
					"$(inherited)",
				);
				GCC_WARN_64_TO_32_BIT_CONVERSION = YES;
				GCC_WARN_ABOUT_RETURN_TYPE = YES_ERROR;
				GCC_WARN_UNDECLARED_SELECTOR = YES;
				GCC_WARN_UNINITIALIZED_AUTOS = YES_AGGRESSIVE;
				GCC_WARN_UNUSED_FUNCTION = YES;
				GCC_WARN_UNUSED_VARIABLE = YES;
				IPHONEOS_DEPLOYMENT_TARGET = 12.1;
				MTL_ENABLE_DEBUG_INFO = INCLUDE_SOURCE;
				MTL_FAST_MATH = YES;
				ONLY_ACTIVE_ARCH = YES;
				SDKROOT = iphoneos;
				SWIFT_ACTIVE_COMPILATION_CONDITIONS = DEBUG;
				SWIFT_OPTIMIZATION_LEVEL = "-Onone";
			};
			name = Debug;
		};
		A33F80ED22467A85009CC46A /* Release */ = {
			isa = XCBuildConfiguration;
			buildSettings = {
				ALWAYS_SEARCH_USER_PATHS = NO;
				CLANG_ANALYZER_NONNULL = YES;
				CLANG_ANALYZER_NUMBER_OBJECT_CONVERSION = YES_AGGRESSIVE;
				CLANG_CXX_LANGUAGE_STANDARD = "gnu++14";
				CLANG_CXX_LIBRARY = "libc++";
				CLANG_ENABLE_MODULES = YES;
				CLANG_ENABLE_OBJC_ARC = YES;
				CLANG_ENABLE_OBJC_WEAK = YES;
				CLANG_WARN_BLOCK_CAPTURE_AUTORELEASING = YES;
				CLANG_WARN_BOOL_CONVERSION = YES;
				CLANG_WARN_COMMA = YES;
				CLANG_WARN_CONSTANT_CONVERSION = YES;
				CLANG_WARN_DEPRECATED_OBJC_IMPLEMENTATIONS = YES;
				CLANG_WARN_DIRECT_OBJC_ISA_USAGE = YES_ERROR;
				CLANG_WARN_DOCUMENTATION_COMMENTS = YES;
				CLANG_WARN_EMPTY_BODY = YES;
				CLANG_WARN_ENUM_CONVERSION = YES;
				CLANG_WARN_INFINITE_RECURSION = YES;
				CLANG_WARN_INT_CONVERSION = YES;
				CLANG_WARN_NON_LITERAL_NULL_CONVERSION = YES;
				CLANG_WARN_OBJC_IMPLICIT_RETAIN_SELF = YES;
				CLANG_WARN_OBJC_LITERAL_CONVERSION = YES;
				CLANG_WARN_OBJC_ROOT_CLASS = YES_ERROR;
				CLANG_WARN_RANGE_LOOP_ANALYSIS = YES;
				CLANG_WARN_STRICT_PROTOTYPES = YES;
				CLANG_WARN_SUSPICIOUS_MOVE = YES;
				CLANG_WARN_UNGUARDED_AVAILABILITY = YES_AGGRESSIVE;
				CLANG_WARN_UNREACHABLE_CODE = YES;
				CLANG_WARN__DUPLICATE_METHOD_MATCH = YES;
				CODE_SIGN_IDENTITY = "iPhone Developer";
				COPY_PHASE_STRIP = NO;
				DEBUG_INFORMATION_FORMAT = "dwarf-with-dsym";
				ENABLE_NS_ASSERTIONS = NO;
				ENABLE_STRICT_OBJC_MSGSEND = YES;
				GCC_C_LANGUAGE_STANDARD = gnu11;
				GCC_NO_COMMON_BLOCKS = YES;
				GCC_WARN_64_TO_32_BIT_CONVERSION = YES;
				GCC_WARN_ABOUT_RETURN_TYPE = YES_ERROR;
				GCC_WARN_UNDECLARED_SELECTOR = YES;
				GCC_WARN_UNINITIALIZED_AUTOS = YES_AGGRESSIVE;
				GCC_WARN_UNUSED_FUNCTION = YES;
				GCC_WARN_UNUSED_VARIABLE = YES;
				IPHONEOS_DEPLOYMENT_TARGET = 12.1;
				MTL_ENABLE_DEBUG_INFO = NO;
				MTL_FAST_MATH = YES;
				SDKROOT = iphoneos;
				SWIFT_COMPILATION_MODE = wholemodule;
				SWIFT_OPTIMIZATION_LEVEL = "-O";
				VALIDATE_PRODUCT = YES;
			};
			name = Release;
		};
		A33F80EF22467A85009CC46A /* Debug */ = {
			isa = XCBuildConfiguration;
			baseConfigurationReference = A47016262754392B32FB732C /* Pods-Clendar.debug.xcconfig */;
			buildSettings = {
				ASSETCATALOG_COMPILER_APPICON_NAME = AppIcon;
				CODE_SIGN_STYLE = Automatic;
				DEVELOPMENT_TEAM = 6TWWD47PW9;
				INFOPLIST_FILE = Clendar/Resources/Info.plist;
				IPHONEOS_DEPLOYMENT_TARGET = 10.0;
				LD_RUNPATH_SEARCH_PATHS = (
					"$(inherited)",
					"@executable_path/Frameworks",
				);
				PRODUCT_BUNDLE_IDENTIFIER = com.vinhnx.Clendar;
				PRODUCT_NAME = "$(TARGET_NAME)";
				SWIFT_OBJC_BRIDGING_HEADER = "Clendar/Resources/Bridging-Header.h";
				SWIFT_VERSION = 4.2;
				TARGETED_DEVICE_FAMILY = "1,2";
			};
			name = Debug;
		};
		A33F80F022467A85009CC46A /* Release */ = {
			isa = XCBuildConfiguration;
			baseConfigurationReference = 970655FFB8E41AA87A9D5BBE /* Pods-Clendar.release.xcconfig */;
			buildSettings = {
				ASSETCATALOG_COMPILER_APPICON_NAME = AppIcon;
				CODE_SIGN_STYLE = Automatic;
				DEVELOPMENT_TEAM = 6TWWD47PW9;
				INFOPLIST_FILE = Clendar/Resources/Info.plist;
				IPHONEOS_DEPLOYMENT_TARGET = 10.0;
				LD_RUNPATH_SEARCH_PATHS = (
					"$(inherited)",
					"@executable_path/Frameworks",
				);
				PRODUCT_BUNDLE_IDENTIFIER = com.vinhnx.Clendar;
				PRODUCT_NAME = "$(TARGET_NAME)";
				SWIFT_OBJC_BRIDGING_HEADER = "Clendar/Resources/Bridging-Header.h";
				SWIFT_VERSION = 4.2;
				TARGETED_DEVICE_FAMILY = "1,2";
			};
			name = Release;
		};
		A33F80F222467A85009CC46A /* Debug */ = {
			isa = XCBuildConfiguration;
			baseConfigurationReference = 6239D11B3B53DFE055C329D8 /* Pods-ClendarTests.debug.xcconfig */;
			buildSettings = {
				ALWAYS_EMBED_SWIFT_STANDARD_LIBRARIES = YES;
				BUNDLE_LOADER = "$(TEST_HOST)";
				CODE_SIGN_STYLE = Automatic;
				DEVELOPMENT_TEAM = 6TWWD47PW9;
				INFOPLIST_FILE = ClendarTests/Info.plist;
				LD_RUNPATH_SEARCH_PATHS = (
					"$(inherited)",
					"@executable_path/Frameworks",
					"@loader_path/Frameworks",
				);
				PRODUCT_BUNDLE_IDENTIFIER = com.vinhnx.ClendarTests;
				PRODUCT_NAME = "$(TARGET_NAME)";
				SWIFT_VERSION = 4.2;
				TARGETED_DEVICE_FAMILY = "1,2";
				TEST_HOST = "$(BUILT_PRODUCTS_DIR)/Clendar.app/Clendar";
			};
			name = Debug;
		};
		A33F80F322467A85009CC46A /* Release */ = {
			isa = XCBuildConfiguration;
			baseConfigurationReference = 72FE9C6272675E223125D548 /* Pods-ClendarTests.release.xcconfig */;
			buildSettings = {
				ALWAYS_EMBED_SWIFT_STANDARD_LIBRARIES = YES;
				BUNDLE_LOADER = "$(TEST_HOST)";
				CODE_SIGN_STYLE = Automatic;
				DEVELOPMENT_TEAM = 6TWWD47PW9;
				INFOPLIST_FILE = ClendarTests/Info.plist;
				LD_RUNPATH_SEARCH_PATHS = (
					"$(inherited)",
					"@executable_path/Frameworks",
					"@loader_path/Frameworks",
				);
				PRODUCT_BUNDLE_IDENTIFIER = com.vinhnx.ClendarTests;
				PRODUCT_NAME = "$(TARGET_NAME)";
				SWIFT_VERSION = 4.2;
				TARGETED_DEVICE_FAMILY = "1,2";
				TEST_HOST = "$(BUILT_PRODUCTS_DIR)/Clendar.app/Clendar";
			};
			name = Release;
		};
		A33F80F522467A85009CC46A /* Debug */ = {
			isa = XCBuildConfiguration;
			baseConfigurationReference = FE566D1213BADCED1612B917 /* Pods-ClendarUITests.debug.xcconfig */;
			buildSettings = {
				ALWAYS_EMBED_SWIFT_STANDARD_LIBRARIES = YES;
				CODE_SIGN_STYLE = Automatic;
				DEVELOPMENT_TEAM = 6TWWD47PW9;
				INFOPLIST_FILE = ClendarUITests/Info.plist;
				LD_RUNPATH_SEARCH_PATHS = (
					"$(inherited)",
					"@executable_path/Frameworks",
					"@loader_path/Frameworks",
				);
				PRODUCT_BUNDLE_IDENTIFIER = com.vinhnx.ClendarUITests;
				PRODUCT_NAME = "$(TARGET_NAME)";
				SWIFT_VERSION = 4.2;
				TARGETED_DEVICE_FAMILY = "1,2";
				TEST_TARGET_NAME = Clendar;
			};
			name = Debug;
		};
		A33F80F622467A85009CC46A /* Release */ = {
			isa = XCBuildConfiguration;
			baseConfigurationReference = DF7E6079522A39C0AA433E3F /* Pods-ClendarUITests.release.xcconfig */;
			buildSettings = {
				ALWAYS_EMBED_SWIFT_STANDARD_LIBRARIES = YES;
				CODE_SIGN_STYLE = Automatic;
				DEVELOPMENT_TEAM = 6TWWD47PW9;
				INFOPLIST_FILE = ClendarUITests/Info.plist;
				LD_RUNPATH_SEARCH_PATHS = (
					"$(inherited)",
					"@executable_path/Frameworks",
					"@loader_path/Frameworks",
				);
				PRODUCT_BUNDLE_IDENTIFIER = com.vinhnx.ClendarUITests;
				PRODUCT_NAME = "$(TARGET_NAME)";
				SWIFT_VERSION = 4.2;
				TARGETED_DEVICE_FAMILY = "1,2";
				TEST_TARGET_NAME = Clendar;
			};
			name = Release;
		};
/* End XCBuildConfiguration section */

/* Begin XCConfigurationList section */
		A33F80C122467A82009CC46A /* Build configuration list for PBXProject "Clendar" */ = {
			isa = XCConfigurationList;
			buildConfigurations = (
				A33F80EC22467A85009CC46A /* Debug */,
				A33F80ED22467A85009CC46A /* Release */,
			);
			defaultConfigurationIsVisible = 0;
			defaultConfigurationName = Release;
		};
		A33F80EE22467A85009CC46A /* Build configuration list for PBXNativeTarget "Clendar" */ = {
			isa = XCConfigurationList;
			buildConfigurations = (
				A33F80EF22467A85009CC46A /* Debug */,
				A33F80F022467A85009CC46A /* Release */,
			);
			defaultConfigurationIsVisible = 0;
			defaultConfigurationName = Release;
		};
		A33F80F122467A85009CC46A /* Build configuration list for PBXNativeTarget "ClendarTests" */ = {
			isa = XCConfigurationList;
			buildConfigurations = (
				A33F80F222467A85009CC46A /* Debug */,
				A33F80F322467A85009CC46A /* Release */,
			);
			defaultConfigurationIsVisible = 0;
			defaultConfigurationName = Release;
		};
		A33F80F422467A85009CC46A /* Build configuration list for PBXNativeTarget "ClendarUITests" */ = {
			isa = XCConfigurationList;
			buildConfigurations = (
				A33F80F522467A85009CC46A /* Debug */,
				A33F80F622467A85009CC46A /* Release */,
			);
			defaultConfigurationIsVisible = 0;
			defaultConfigurationName = Release;
		};
/* End XCConfigurationList section */
	};
	rootObject = A33F80BE22467A82009CC46A /* Project object */;
}
